{
  "name": "todo-monorepo",
  "lockfileVersion": 3,
  "requires": true,
  "packages": {
    "": {
      "name": "todo-monorepo",
      "hasInstallScript": true,
      "devDependencies": {
        "husky": "^9.1.7"
      }
    },
    "node_modules/.pnpm/husky@9.1.7/node_modules/husky": {
      "version": "9.1.7",
      "dev": true,
      "license": "MIT",
      "bin": {
        "husky": "bin.js"
      },
      "engines": {
        "node": ">=18"
      },
      "funding": {
        "url": "https://github.com/sponsors/typicode"
      }
    },
    "node_modules/husky": {
      "resolved": "node_modules/.pnpm/husky@9.1.7/node_modules/husky",
      "link": true
    }
  }
}
